<?xml version="1.0" encoding="UTF-8" standalone="yes" ?>
<CodeBlocks_project_file>
	<FileVersion major="1" minor="6" />
	<Project>
		<Option title="emptyExample" />
		<Option pch_mode="2" />
		<Option compiler="gcc" />
<<<<<<< HEAD
		<Option virtualFolders="addons/;src/;" />
		<Build>
			<Target title="Debug">
				<Option output="bin/$(PROJECT_NAME)_debug" prefix_auto="1" extension_auto="1" />
				<Option working_dir="bin" />
				<Option object_output="obj/Debug/" />
				<Option external_deps="../../../libs/openFrameworksCompiled/lib/linux64/libopenFrameworksDebug.a;" />
=======
		<Option virtualFolders="addons\;src\;" />
		<Build>
			<Target title="release">
				<Option output="bin\$(PROJECT_NAME)" prefix_auto="1" extension_auto="1" />
				<Option working_dir="bin" />
				<Option object_output="obj\release" />
				<Option external_deps="..\..\..\libs\openFrameworksCompiled\lib\win_cb\openFrameworks.lib;" />
>>>>>>> d3db7d8a3a1bc835100a303913c1b16740574a69
				<Option type="1" />
				<Option compiler="gcc" />
				<Option projectLinkerOptionsRelation="2" />
				<Compiler>
<<<<<<< HEAD
					<Add option="-g" />
					<Add option="-MMD" />
				</Compiler>
				<Linker>
					<Add option="-Wl,-rpath=./libs" />
					<Add library="openFrameworksDebug" />
				</Linker>
			</Target>
			<Target title="Release">
				<Option output="bin/$(PROJECT_NAME)" prefix_auto="1" extension_auto="1" />
				<Option working_dir="bin" />
				<Option object_output="obj/Release/" />
				<Option external_deps="../../../libs/openFrameworksCompiled/lib/linux64/libopenFrameworks.a;" />
=======
					<Add option="-O2" />
				</Compiler>
				<Linker>
					<Add option="-s" />
					<Add option="../../../libs/openFrameworksCompiled/lib/win_cb/openFrameworks.lib" />
				</Linker>
			</Target>
			<Target title="debug">
				<Option output="bin\$(PROJECT_NAME)_DEBUG" prefix_auto="1" extension_auto="1" />
				<Option working_dir="bin" />
				<Option object_output="obj\debug\" />
				<Option external_deps="..\..\..\libs\openFrameworksCompiled\lib\win_cb\openFrameworksDebug.lib;" />
>>>>>>> d3db7d8a3a1bc835100a303913c1b16740574a69
				<Option type="1" />
				<Option compiler="gcc" />
				<Option projectLinkerOptionsRelation="2" />
				<Compiler>
<<<<<<< HEAD
					<Add option="-march=native" />
					<Add option="-O3" />
					<Add option="-MMD" />
				</Compiler>
				<Linker>
					<Add option="-Wl,-rpath=./libs" />
					<Add option="-s" />
					<Add library="openFrameworks" />
=======
					<Add option="-g" />
				</Compiler>
				<Linker>
					<Add option="../../../libs/openFrameworksCompiled/lib/win_cb/openFrameworksDebug.lib" />
>>>>>>> d3db7d8a3a1bc835100a303913c1b16740574a69
				</Linker>
			</Target>
		</Build>
		<Compiler>
<<<<<<< HEAD
			<Add option="-Wall" />
			<Add option="-fexceptions" />
			<Add directory="../../../addons/" />
			<Add directory="../../../libs/openFrameworks/" />
			<Add directory="../../../libs/openFrameworks/events" />
			<Add directory="../../../libs/openFrameworks/app" />
			<Add directory="../../../libs/openFrameworks/communication" />
			<Add directory="../../../libs/openFrameworks/graphics" />
			<Add directory="../../../libs/openFrameworks/video" />
			<Add directory="../../../libs/openFrameworks/utils" />
			<Add directory="../../../libs/openFrameworks/sound" />
			<Add directory="../../../libs/rtAudio/include" />
			<Add directory="../../../libs/fmodex/include" />
			<Add directory="../../../libs/glee/include" />
			<Add directory="../../../libs/glee/" />
			<Add directory="../../../libs/FreeImage/include" />
			<Add directory="../../../libs/freetype/include" />
			<Add directory="../../../libs/freetype/include/freetype2" />
			<Add directory="../../../libs/gstappsink/include" />
			<Add directory="../../../addons" />
			<Add directory="../../../libs/poco/include" />
		</Compiler>
		<Linker>
			<Add library="fmodex" />
			<Add library="glut" />
			<Add library="GL" />
			<Add library="GLU" />
			<Add library="Xxf86vm" />
			<Add library="asound" />
			<Add library="PocoFoundation" />
			<Add library="freetype" />
			<Add library="freeimage" />
			<Add library="RtAudio" />
			<Add library="GLee" />
			<Add library="oFappsink" />
			<Add directory="../../../libs/freetype/lib/linux64" />
			<Add directory="../../../libs/FreeImage/lib/linux64" />
			<Add directory="../../../libs/rtAudio/lib/linux64" />
			<Add directory="../../../libs/glee/lib/linux64" />
			<Add directory="../../../libs/gstappsink/lib/linux64" />
			<Add directory="../../../libs/fmodex/lib/linux64" />
			<Add directory="../../../libs/poco/lib/linux64" />
			<Add directory="../../../libs/openFrameworksCompiled/lib/linux64" />
		</Linker>
		<ExtraCommands>
			<Add after="#" />
			<Add after="#      copy libs and shell script to bin directory:" />
			<Add after="#" />
			<Add after="cp -r ../../../export/linux64/libs $(PROJECT_DIR)bin/" />
		</ExtraCommands>
		<Unit filename="src/Ball.cpp">
			<Option virtualFolder="src/" />
		</Unit>
		<Unit filename="src/Ball.h">
			<Option virtualFolder="src/" />
		</Unit>
		<Unit filename="src/Bat.cpp">
			<Option virtualFolder="src/" />
		</Unit>
		<Unit filename="src/Bat.h">
			<Option virtualFolder="src/" />
		</Unit>
		<Unit filename="src/EffetBall.cpp">
			<Option virtualFolder="src/" />
		</Unit>
		<Unit filename="src/EffetBall.h">
			<Option virtualFolder="src/" />
		</Unit>
		<Unit filename="src/Field.cpp">
			<Option virtualFolder="src/" />
		</Unit>
		<Unit filename="src/Field.h">
			<Option virtualFolder="src/" />
		</Unit>
		<Unit filename="src/Quaternionen.cpp">
			<Option virtualFolder="src/" />
		</Unit>
		<Unit filename="src/Quaternionen.h">
			<Option virtualFolder="src/" />
		</Unit>
		<Unit filename="src/Texture.cpp">
			<Option virtualFolder="src/" />
		</Unit>
		<Unit filename="src/Texture.h">
			<Option virtualFolder="src/" />
		</Unit>
		<Unit filename="src/Vector.cpp">
			<Option virtualFolder="src/" />
		</Unit>
		<Unit filename="src/Vector.h">
			<Option virtualFolder="src/" />
		</Unit>
		<Unit filename="src/control.cpp">
			<Option virtualFolder="src/" />
		</Unit>
		<Unit filename="src/control.h">
			<Option virtualFolder="src/" />
		</Unit>
		<Unit filename="src/effetBallDrawing.cpp">
			<Option virtualFolder="src/" />
		</Unit>
		<Unit filename="src/effetBallDrawing.h">
			<Option virtualFolder="src/" />
		</Unit>
		<Unit filename="src/main.cpp">
			<Option virtualFolder="src/" />
		</Unit>
		<Extensions>
			<lib_finder>
				<lib name="gstreamer-0.10" />
				<lib name="gstreamer-video-0.10" />
				<lib name="gstreamer-base-0.10" />
				<lib name="libudev" />
			</lib_finder>
			<code_completion />
			<envvars />
			<debugger />
=======
			<Add option="-Wno-multichar" />
			<Add directory="..\..\..\libs\glu\include" />
			<Add directory="..\..\..\libs\freetype\include" />
			<Add directory="..\..\..\libs\freetype\include\freetype2" />
			<Add directory="..\..\..\libs\FreeImage\include" />
			<Add directory="..\..\..\libs\quicktime\include" />
			<Add directory="..\..\..\libs\rtAudio\include" />
			<Add directory="..\..\..\libs\fmodex\include" />
			<Add directory="..\..\..\libs\videoInput\include" />
			<Add directory="..\..\..\libs\glee\include" />
			<Add directory="..\..\..\libs\glut\include" />
			<Add directory="..\..\..\libs\openFrameworks" />
			<Add directory="..\..\..\libs\openFrameworks\app" />
			<Add directory="..\..\..\libs\openFrameworks\events" />
			<Add directory="..\..\..\libs\openFrameworks\graphics" />
			<Add directory="..\..\..\libs\openFrameworks\utils" />
			<Add directory="..\..\..\libs\openFrameworks\sound" />
			<Add directory="..\..\..\libs\openFrameworks\video" />
			<Add directory="..\..\..\libs\openFrameworks\communication" />
			<Add directory="..\..\..\libs\poco\include" />
		</Compiler>
		<Linker>
			<Add option="../../../libs/FreeImage/lib/win_cb/FreeImage.lib" />
			<Add option="../../../libs/rtAudio/lib/win_cb/RtAudio.a" />
			<Add option="../../../libs/quicktime/lib/win_cb/qtmlClient.lib" />
			<Add option="../../../libs/freetype/lib/win_cb/libfreetype.a" />
			<Add option="../../../libs/glut/lib/win_cb/libglut.a" />
			<Add option="../../../libs/videoInput/lib/win_cb/videoInputLib.a" />
			<Add option="../../../libs/fmodex/lib/win_cb/libfmodex.a" />
			<Add option="../../../libs/glee/lib/win_cb/GLee.lib" />
			<Add option="../../../libs/glu/lib/win_cb/glu32.lib" />
			<Add option="../../../libs/poco/lib/win_cb/libPocoNetmt.a" />
			<Add option="../../../libs/poco/lib/win_cb/libPocoUtilmt.a" />
			<Add option="../../../libs/poco/lib/win_cb/libPocoXMLmt.a" />
			<Add option="../../../libs/poco/lib/win_cb/libPocoFoundationmt.a" />
			<Add option="-lopengl32" />
			<Add option="-lglu32" />
			<Add option="-ldsound" />
			<Add option="-lwinmm" />
			<Add option="-ldxguid" />
			<Add option="-lstrmbase" />
			<Add option="-lstrmiids" />
			<Add option="-lz" />
			<Add option="-luuid" />
			<Add option="-lole32" />
			<Add option="-loleaut32" />
			<Add option="-lsetupapi" />
			<Add option="-lwsock32" />
			<Add option="-lws2_32" />
			<Add option="-lIphlpapi" />
		</Linker>
		<ExtraCommands>
			<Add after='xcopy /e /i /y &quot;$(PROJECT_DIR)..\..\..\export\win_cb\*.dll&quot;  &quot;$(PROJECT_DIR)bin&quot;' />
			<Add after='cmd /c if not exist &quot;$(PROJECT_DIR)bin/data&quot; mkdir &quot;$(PROJECT_DIR)bin/data&quot;' />
			<Mode after="always" />
		</ExtraCommands>
		<Unit filename="src\control.cpp">
			<Option target="release" />
		</Unit>
		<Unit filename="src\control.h">
			<Option target="release" />
		</Unit>
		<Unit filename="src\cruveballDrawing.cpp" />
		<Unit filename="src\curveballClasses.cpp">
			<Option target="release" />
		</Unit>
		<Unit filename="src\curveballClasses.h" />
		<Unit filename="src\curveballDrawing.h" />
		<Unit filename="src\main.cpp">
			<Option virtualFolder="src\" />
		</Unit>
		<Unit filename="src\testApp.cpp">
			<Option virtualFolder="src\" />
		</Unit>
		<Unit filename="src\testApp.h">
			<Option virtualFolder="src\" />
		</Unit>
		<Extensions>
			<code_completion />
			<debugger />
			<envvars />
>>>>>>> d3db7d8a3a1bc835100a303913c1b16740574a69
		</Extensions>
	</Project>
</CodeBlocks_project_file>
